
Microsoft Visual Studio Solution File, Format Version 12.00
# Visual Studio 15
VisualStudioVersion = 15.0.27130.0
MinimumVisualStudioVersion = 10.0.40219.1
Project("{2150E333-8FDC-42A3-9474-1A3956D46DE8}") = "Core", "Core", "{03E94322-3C74-4047-A391-2DC0D331EFF7}"
EndProject
Project("{2150E333-8FDC-42A3-9474-1A3956D46DE8}") = "Tests", "Tests", "{AA811BF9-549B-4F3F-BEE2-2F8B69ABF6CC}"
EndProject
Project("{FAE04EC0-301F-11D3-BF4B-00C04F79EFBC}") = "SharpRaven.Log4Net.Core", "src\SharpRaven.Log4Net\SharpRaven.Log4Net.Core.csproj", "{4C84CD94-522D-4A8F-AFCB-CDEE6B6F7E41}"
EndProject
Project("{FAE04EC0-301F-11D3-BF4B-00C04F79EFBC}") = "SharpRaven.Log4Net.Core.Tests", "src\SharpRaven.Log4Net.Tests\SharpRaven.Log4Net.Core.Tests.csproj", "{A1517BBF-A89C-4F9E-A1E8-363EF3930576}"
EndProject
Global
	GlobalSection(SolutionConfigurationPlatforms) = preSolution
		Debug|Any CPU = Debug|Any CPU
		Release|Any CPU = Release|Any CPU
	EndGlobalSection
	GlobalSection(ProjectConfigurationPlatforms) = postSolution
		{4C84CD94-522D-4A8F-AFCB-CDEE6B6F7E41}.Debug|Any CPU.ActiveCfg = Debug|Any CPU
		{4C84CD94-522D-4A8F-AFCB-CDEE6B6F7E41}.Debug|Any CPU.Build.0 = Debug|Any CPU
		{4C84CD94-522D-4A8F-AFCB-CDEE6B6F7E41}.Release|Any CPU.ActiveCfg = Release|Any CPU
		{4C84CD94-522D-4A8F-AFCB-CDEE6B6F7E41}.Release|Any CPU.Build.0 = Release|Any CPU
		{A1517BBF-A89C-4F9E-A1E8-363EF3930576}.Debug|Any CPU.ActiveCfg = Debug|Any CPU
		{A1517BBF-A89C-4F9E-A1E8-363EF3930576}.Debug|Any CPU.Build.0 = Debug|Any CPU
		{A1517BBF-A89C-4F9E-A1E8-363EF3930576}.Release|Any CPU.ActiveCfg = Release|Any CPU
		{A1517BBF-A89C-4F9E-A1E8-363EF3930576}.Release|Any CPU.Build.0 = Release|Any CPU
	EndGlobalSection
	GlobalSection(SolutionProperties) = preSolution
		HideSolutionNode = FALSE
	EndGlobalSection
	GlobalSection(NestedProjects) = preSolution
		{4C84CD94-522D-4A8F-AFCB-CDEE6B6F7E41} = {03E94322-3C74-4047-A391-2DC0D331EFF7}
		{A1517BBF-A89C-4F9E-A1E8-363EF3930576} = {AA811BF9-549B-4F3F-BEE2-2F8B69ABF6CC}
	EndGlobalSection
	GlobalSection(ExtensibilityGlobals) = postSolution
		SolutionGuid = {DF51C576-B738-4C34-AC2B-4BBC669ED06B}
	EndGlobalSection
EndGlobal
